{
  "name": "xml-to-webxr",
  "lockfileVersion": 2,
  "requires": true,
  "packages": {
    "": {
      "dependencies": {
        "tinyduration": "^3.2.2"
      }
    },
    "node_modules/tinyduration": {
      "version": "3.2.2",
      "resolved": "https://registry.npmjs.org/tinyduration/-/tinyduration-3.2.2.tgz",
      "integrity": "sha512-eH6D0KIA4Xxje3ZRUnbsWfN28pAgTx3ZFQvgb0w9u8p9lxSX0eloxi4w165gv03GnvduR9m5JhToPxXvADHe+w=="
    }
  },
  "dependencies": {
    "tinyduration": {
      "version": "3.2.2",
      "resolved": "https://registry.npmjs.org/tinyduration/-/tinyduration-3.2.2.tgz",
      "integrity": "sha512-eH6D0KIA4Xxje3ZRUnbsWfN28pAgTx3ZFQvgb0w9u8p9lxSX0eloxi4w165gv03GnvduR9m5JhToPxXvADHe+w=="
    }
  }
}
